
Microsoft Visual Studio Solution File, Format Version 12.00
# Visual Studio Version 16
VisualStudioVersion = 16.0.31613.86
MinimumVisualStudioVersion = 10.0.40219.1
Project("{FAE04EC0-301F-11D3-BF4B-00C04F79EFBC}") = "Projeto .NET MVC", "Projeto .NET MVC\Projeto .NET MVC.csproj", "{C45D7837-90AD-4923-BF2A-5B0A7B3D2D40}"
EndProject
Global
	GlobalSection(SolutionConfigurationPlatforms) = preSolution
		Debug|Any CPU = Debug|Any CPU
		Release|Any CPU = Release|Any CPU
	EndGlobalSection
	GlobalSection(ProjectConfigurationPlatforms) = postSolution
		{C45D7837-90AD-4923-BF2A-5B0A7B3D2D40}.Debug|Any CPU.ActiveCfg = Debug|Any CPU
		{C45D7837-90AD-4923-BF2A-5B0A7B3D2D40}.Debug|Any CPU.Build.0 = Debug|Any CPU
		{C45D7837-90AD-4923-BF2A-5B0A7B3D2D40}.Release|Any CPU.ActiveCfg = Release|Any CPU
		{C45D7837-90AD-4923-BF2A-5B0A7B3D2D40}.Release|Any CPU.Build.0 = Release|Any CPU
	EndGlobalSection
	GlobalSection(SolutionProperties) = preSolution
		HideSolutionNode = FALSE
	EndGlobalSection
	GlobalSection(ExtensibilityGlobals) = postSolution
		SolutionGuid = {3B3E7ABC-7ED2-4DE2-BC97-A8BD38FA6791}
	EndGlobalSection
EndGlobal
